
Microsoft Visual Studio Solution File, Format Version 12.00
# Visual Studio Version 17
VisualStudioVersion = 17.3.32922.545
MinimumVisualStudioVersion = 10.0.40219.1
Project("{FAE04EC0-301F-11D3-BF4B-00C04F79EFBC}") = "PO_2_1_z5", "PO_2_1_z5.csproj", "{0CD1D45E-7BB5-426C-BBA1-393EC1BB4D62}"
EndProject
Global
	GlobalSection(SolutionConfigurationPlatforms) = preSolution
		Debug|Any CPU = Debug|Any CPU
		Release|Any CPU = Release|Any CPU
	EndGlobalSection
	GlobalSection(ProjectConfigurationPlatforms) = postSolution
		{0CD1D45E-7BB5-426C-BBA1-393EC1BB4D62}.Debug|Any CPU.ActiveCfg = Debug|Any CPU
		{0CD1D45E-7BB5-426C-BBA1-393EC1BB4D62}.Debug|Any CPU.Build.0 = Debug|Any CPU
		{0CD1D45E-7BB5-426C-BBA1-393EC1BB4D62}.Release|Any CPU.ActiveCfg = Release|Any CPU
		{0CD1D45E-7BB5-426C-BBA1-393EC1BB4D62}.Release|Any CPU.Build.0 = Release|Any CPU
	EndGlobalSection
	GlobalSection(SolutionProperties) = preSolution
		HideSolutionNode = FALSE
	EndGlobalSection
	GlobalSection(ExtensibilityGlobals) = postSolution
		SolutionGuid = {995E3692-F646-4082-8750-3EF56E9A1A4A}
	EndGlobalSection
EndGlobal
